
Microsoft Visual Studio Solution File, Format Version 12.00
# Visual Studio Version 17
VisualStudioVersion = 17.10.35122.118
MinimumVisualStudioVersion = 10.0.40219.1
Project("{FAE04EC0-301F-11D3-BF4B-00C04F79EFBC}") = "petHealth", "petHealth\petHealth.csproj", "{0149C89F-8914-47E4-A726-70726E7F9DCF}"
EndProject
Global
	GlobalSection(SolutionConfigurationPlatforms) = preSolution
		Debug|Any CPU = Debug|Any CPU
		Release|Any CPU = Release|Any CPU
	EndGlobalSection
	GlobalSection(ProjectConfigurationPlatforms) = postSolution
		{0149C89F-8914-47E4-A726-70726E7F9DCF}.Debug|Any CPU.ActiveCfg = Debug|Any CPU
		{0149C89F-8914-47E4-A726-70726E7F9DCF}.Debug|Any CPU.Build.0 = Debug|Any CPU
		{0149C89F-8914-47E4-A726-70726E7F9DCF}.Release|Any CPU.ActiveCfg = Release|Any CPU
		{0149C89F-8914-47E4-A726-70726E7F9DCF}.Release|Any CPU.Build.0 = Release|Any CPU
	EndGlobalSection
	GlobalSection(SolutionProperties) = preSolution
		HideSolutionNode = FALSE
	EndGlobalSection
	GlobalSection(ExtensibilityGlobals) = postSolution
		SolutionGuid = {7D07206C-BEAB-480C-9AEB-16FA67B68D6B}
	EndGlobalSection
EndGlobal
